
Microsoft Visual Studio Solution File, Format Version 12.00
# Visual Studio 2013
VisualStudioVersion = 12.0.30723.0
MinimumVisualStudioVersion = 10.0.40219.1
Project("{FAE04EC0-301F-11D3-BF4B-00C04F79EFBC}") = "WBI", "WorthBuyingIt\WBI.csproj", "{151E80E8-36F5-4E16-8B5C-4BE381EF5B2E}"
EndProject
Project("{FAE04EC0-301F-11D3-BF4B-00C04F79EFBC}") = "WBI.Tests", "WorthBuyingIt.Tests\WBI.Tests.csproj", "{CE3C3B2D-3C10-4472-8D3F-969FE35DC9F8}"
EndProject
Project("{FAE04EC0-301F-11D3-BF4B-00C04F79EFBC}") = "WBI.Data.Raven", "WorthBuyingIt.Data.Raven\WBI.Data.Raven.csproj", "{296E37ED-97CE-4805-9E3C-359912603D41}"
EndProject
Project("{FAE04EC0-301F-11D3-BF4B-00C04F79EFBC}") = "WBI.Models", "WorthBuyingIt.Models\WBI.Models.csproj", "{94B21C1C-22ED-44A4-9DC1-2F2A958F9306}"
EndProject
Global
	GlobalSection(SolutionConfigurationPlatforms) = preSolution
		Debug|Any CPU = Debug|Any CPU
		Release|Any CPU = Release|Any CPU
	EndGlobalSection
	GlobalSection(ProjectConfigurationPlatforms) = postSolution
		{151E80E8-36F5-4E16-8B5C-4BE381EF5B2E}.Debug|Any CPU.ActiveCfg = Debug|Any CPU
		{151E80E8-36F5-4E16-8B5C-4BE381EF5B2E}.Debug|Any CPU.Build.0 = Debug|Any CPU
		{151E80E8-36F5-4E16-8B5C-4BE381EF5B2E}.Release|Any CPU.ActiveCfg = Release|Any CPU
		{151E80E8-36F5-4E16-8B5C-4BE381EF5B2E}.Release|Any CPU.Build.0 = Release|Any CPU
		{CE3C3B2D-3C10-4472-8D3F-969FE35DC9F8}.Debug|Any CPU.ActiveCfg = Debug|Any CPU
		{CE3C3B2D-3C10-4472-8D3F-969FE35DC9F8}.Debug|Any CPU.Build.0 = Debug|Any CPU
		{CE3C3B2D-3C10-4472-8D3F-969FE35DC9F8}.Release|Any CPU.ActiveCfg = Release|Any CPU
		{CE3C3B2D-3C10-4472-8D3F-969FE35DC9F8}.Release|Any CPU.Build.0 = Release|Any CPU
		{296E37ED-97CE-4805-9E3C-359912603D41}.Debug|Any CPU.ActiveCfg = Debug|Any CPU
		{296E37ED-97CE-4805-9E3C-359912603D41}.Debug|Any CPU.Build.0 = Debug|Any CPU
		{296E37ED-97CE-4805-9E3C-359912603D41}.Release|Any CPU.ActiveCfg = Release|Any CPU
		{296E37ED-97CE-4805-9E3C-359912603D41}.Release|Any CPU.Build.0 = Release|Any CPU
		{94B21C1C-22ED-44A4-9DC1-2F2A958F9306}.Debug|Any CPU.ActiveCfg = Debug|Any CPU
		{94B21C1C-22ED-44A4-9DC1-2F2A958F9306}.Debug|Any CPU.Build.0 = Debug|Any CPU
		{94B21C1C-22ED-44A4-9DC1-2F2A958F9306}.Release|Any CPU.ActiveCfg = Release|Any CPU
		{94B21C1C-22ED-44A4-9DC1-2F2A958F9306}.Release|Any CPU.Build.0 = Release|Any CPU
	EndGlobalSection
	GlobalSection(SolutionProperties) = preSolution
		HideSolutionNode = FALSE
	EndGlobalSection
EndGlobal
